// !$*UTF8*$!
{
	archiveVersion = 1;
	classes = {
	};
	objectVersion = 46;
	objects = {

/* Begin PBXBuildFile section */
		412E2AC861CE5FB7F150CE96 /* libPods-MyDemoObjc.a in Frameworks */ = {isa = PBXBuildFile; fileRef = 5C054230C3640CA1CCDA1CED /* libPods-MyDemoObjc.a */; };
		C7104A551D74656E00B80BF6 /* IPAddress.m in Sources */ = {isa = PBXBuildFile; fileRef = C7104A541D74656E00B80BF6 /* IPAddress.m */; };
		C72B0B8E1D73B2690065A9A0 /* main.m in Sources */ = {isa = PBXBuildFile; fileRef = C72B0B8D1D73B2690065A9A0 /* main.m */; };
		C72B0B911D73B2690065A9A0 /* AppDelegate.m in Sources */ = {isa = PBXBuildFile; fileRef = C72B0B901D73B2690065A9A0 /* AppDelegate.m */; };
		C72B0B941D73B2690065A9A0 /* ViewController.m in Sources */ = {isa = PBXBuildFile; fileRef = C72B0B931D73B2690065A9A0 /* ViewController.m */; };
		C72B0B971D73B2690065A9A0 /* Main.storyboard in Resources */ = {isa = PBXBuildFile; fileRef = C72B0B951D73B2690065A9A0 /* Main.storyboard */; };
		C72B0B9A1D73B2690065A9A0 /* MyDemoObjc.xcdatamodeld in Sources */ = {isa = PBXBuildFile; fileRef = C72B0B981D73B2690065A9A0 /* MyDemoObjc.xcdatamodeld */; };
		C72B0B9C1D73B2690065A9A0 /* Assets.xcassets in Resources */ = {isa = PBXBuildFile; fileRef = C72B0B9B1D73B2690065A9A0 /* Assets.xcassets */; };
		C72B0B9F1D73B2690065A9A0 /* LaunchScreen.storyboard in Resources */ = {isa = PBXBuildFile; fileRef = C72B0B9D1D73B2690065A9A0 /* LaunchScreen.storyboard */; };
		C72B0BAC1D73BF820065A9A0 /* DHManager.mm in Sources */ = {isa = PBXBuildFile; fileRef = C72B0BAA1D73BF820065A9A0 /* DHManager.mm */; };
		C72B0BAD1D73BF820065A9A0 /* dllmain.cpp in Sources */ = {isa = PBXBuildFile; fileRef = C72B0BAB1D73BF820065A9A0 /* dllmain.cpp */; };
		C7745EF81D79018E00ED861B /* Dept+CoreDataProperties.m in Sources */ = {isa = PBXBuildFile; fileRef = C7745EF11D79018E00ED861B /* Dept+CoreDataProperties.m */; };
		C7745EF91D79018E00ED861B /* Dept.m in Sources */ = {isa = PBXBuildFile; fileRef = C7745EF31D79018E00ED861B /* Dept.m */; };
		C7745EFA1D79018E00ED861B /* Person+CoreDataProperties.m in Sources */ = {isa = PBXBuildFile; fileRef = C7745EF51D79018E00ED861B /* Person+CoreDataProperties.m */; };
		C7745EFB1D79018E00ED861B /* Person.m in Sources */ = {isa = PBXBuildFile; fileRef = C7745EF71D79018E00ED861B /* Person.m */; };
		C7745EFF1D7901EA00ED861B /* CoreDataDBHelper.m in Sources */ = {isa = PBXBuildFile; fileRef = C7745EFE1D7901EA00ED861B /* CoreDataDBHelper.m */; };
		C7F8DA361D75B30D0051ECF3 /* HexStr.m in Sources */ = {isa = PBXBuildFile; fileRef = C7F8DA351D75B30D0051ECF3 /* HexStr.m */; };
/* End PBXBuildFile section */

/* Begin PBXFileReference section */
		1773D9B8C87424EDB38AA8BF /* Pods-MyDemoObjc.debug.xcconfig */ = {isa = PBXFileReference; includeInIndex = 1; lastKnownFileType = text.xcconfig; name = "Pods-MyDemoObjc.debug.xcconfig"; path = "Pods/Target Support Files/Pods-MyDemoObjc/Pods-MyDemoObjc.debug.xcconfig"; sourceTree = "<group>"; };
		5C054230C3640CA1CCDA1CED /* libPods-MyDemoObjc.a */ = {isa = PBXFileReference; explicitFileType = archive.ar; includeInIndex = 0; path = "libPods-MyDemoObjc.a"; sourceTree = BUILT_PRODUCTS_DIR; };
		7E138380111615D2E362036F /* Pods-MyDemoObjc.release.xcconfig */ = {isa = PBXFileReference; includeInIndex = 1; lastKnownFileType = text.xcconfig; name = "Pods-MyDemoObjc.release.xcconfig"; path = "Pods/Target Support Files/Pods-MyDemoObjc/Pods-MyDemoObjc.release.xcconfig"; sourceTree = "<group>"; };
		C7104A531D74656E00B80BF6 /* IPAddress.h */ = {isa = PBXFileReference; fileEncoding = 4; lastKnownFileType = sourcecode.c.h; path = IPAddress.h; sourceTree = "<group>"; };
		C7104A541D74656E00B80BF6 /* IPAddress.m */ = {isa = PBXFileReference; fileEncoding = 4; lastKnownFileType = sourcecode.c.objc; path = IPAddress.m; sourceTree = "<group>"; };
		C72B0B891D73B2690065A9A0 /* MyDemoObjc.app */ = {isa = PBXFileReference; explicitFileType = wrapper.application; includeInIndex = 0; path = MyDemoObjc.app; sourceTree = BUILT_PRODUCTS_DIR; };
		C72B0B8D1D73B2690065A9A0 /* main.m */ = {isa = PBXFileReference; lastKnownFileType = sourcecode.c.objc; path = main.m; sourceTree = "<group>"; };
		C72B0B8F1D73B2690065A9A0 /* AppDelegate.h */ = {isa = PBXFileReference; lastKnownFileType = sourcecode.c.h; path = AppDelegate.h; sourceTree = "<group>"; };
		C72B0B901D73B2690065A9A0 /* AppDelegate.m */ = {isa = PBXFileReference; lastKnownFileType = sourcecode.c.objc; path = AppDelegate.m; sourceTree = "<group>"; };
		C72B0B921D73B2690065A9A0 /* ViewController.h */ = {isa = PBXFileReference; lastKnownFileType = sourcecode.c.h; path = ViewController.h; sourceTree = "<group>"; };
		C72B0B931D73B2690065A9A0 /* ViewController.m */ = {isa = PBXFileReference; lastKnownFileType = sourcecode.c.objc; path = ViewController.m; sourceTree = "<group>"; };
		C72B0B961D73B2690065A9A0 /* Base */ = {isa = PBXFileReference; lastKnownFileType = file.storyboard; name = Base; path = Base.lproj/Main.storyboard; sourceTree = "<group>"; };
		C72B0B991D73B2690065A9A0 /* MyDemoObjc.xcdatamodel */ = {isa = PBXFileReference; lastKnownFileType = wrapper.xcdatamodel; path = MyDemoObjc.xcdatamodel; sourceTree = "<group>"; };
		C72B0B9B1D73B2690065A9A0 /* Assets.xcassets */ = {isa = PBXFileReference; lastKnownFileType = folder.assetcatalog; path = Assets.xcassets; sourceTree = "<group>"; };
		C72B0B9E1D73B2690065A9A0 /* Base */ = {isa = PBXFileReference; lastKnownFileType = file.storyboard; name = Base; path = Base.lproj/LaunchScreen.storyboard; sourceTree = "<group>"; };
		C72B0BA01D73B2690065A9A0 /* Info.plist */ = {isa = PBXFileReference; lastKnownFileType = text.plist.xml; path = Info.plist; sourceTree = "<group>"; };
		C72B0BA81D73BF820065A9A0 /* dh.h */ = {isa = PBXFileReference; fileEncoding = 4; lastKnownFileType = sourcecode.c.h; path = dh.h; sourceTree = "<group>"; };
		C72B0BA91D73BF820065A9A0 /* DHManager.h */ = {isa = PBXFileReference; fileEncoding = 4; lastKnownFileType = sourcecode.c.h; path = DHManager.h; sourceTree = "<group>"; };
		C72B0BAA1D73BF820065A9A0 /* DHManager.mm */ = {isa = PBXFileReference; fileEncoding = 4; lastKnownFileType = sourcecode.cpp.objcpp; path = DHManager.mm; sourceTree = "<group>"; };
		C72B0BAB1D73BF820065A9A0 /* dllmain.cpp */ = {isa = PBXFileReference; fileEncoding = 4; lastKnownFileType = sourcecode.cpp.cpp; path = dllmain.cpp; sourceTree = "<group>"; };
		C7745EF01D79018E00ED861B /* Dept+CoreDataProperties.h */ = {isa = PBXFileReference; fileEncoding = 4; lastKnownFileType = sourcecode.c.h; path = "Dept+CoreDataProperties.h"; sourceTree = "<group>"; };
		C7745EF11D79018E00ED861B /* Dept+CoreDataProperties.m */ = {isa = PBXFileReference; fileEncoding = 4; lastKnownFileType = sourcecode.c.objc; path = "Dept+CoreDataProperties.m"; sourceTree = "<group>"; };
		C7745EF21D79018E00ED861B /* Dept.h */ = {isa = PBXFileReference; fileEncoding = 4; lastKnownFileType = sourcecode.c.h; path = Dept.h; sourceTree = "<group>"; };
		C7745EF31D79018E00ED861B /* Dept.m */ = {isa = PBXFileReference; fileEncoding = 4; lastKnownFileType = sourcecode.c.objc; path = Dept.m; sourceTree = "<group>"; };
		C7745EF41D79018E00ED861B /* Person+CoreDataProperties.h */ = {isa = PBXFileReference; fileEncoding = 4; lastKnownFileType = sourcecode.c.h; path = "Person+CoreDataProperties.h"; sourceTree = "<group>"; };
		C7745EF51D79018E00ED861B /* Person+CoreDataProperties.m */ = {isa = PBXFileReference; fileEncoding = 4; lastKnownFileType = sourcecode.c.objc; path = "Person+CoreDataProperties.m"; sourceTree = "<group>"; };
		C7745EF61D79018E00ED861B /* Person.h */ = {isa = PBXFileReference; fileEncoding = 4; lastKnownFileType = sourcecode.c.h; path = Person.h; sourceTree = "<group>"; };
		C7745EF71D79018E00ED861B /* Person.m */ = {isa = PBXFileReference; fileEncoding = 4; lastKnownFileType = sourcecode.c.objc; path = Person.m; sourceTree = "<group>"; };
		C7745EFD1D7901EA00ED861B /* CoreDataDBHelper.h */ = {isa = PBXFileReference; fileEncoding = 4; lastKnownFileType = sourcecode.c.h; path = CoreDataDBHelper.h; sourceTree = "<group>"; };
		C7745EFE1D7901EA00ED861B /* CoreDataDBHelper.m */ = {isa = PBXFileReference; fileEncoding = 4; lastKnownFileType = sourcecode.c.objc; path = CoreDataDBHelper.m; sourceTree = "<group>"; };
		C7F8DA341D75B30D0051ECF3 /* HexStr.h */ = {isa = PBXFileReference; fileEncoding = 4; lastKnownFileType = sourcecode.c.h; path = HexStr.h; sourceTree = "<group>"; };
		C7F8DA351D75B30D0051ECF3 /* HexStr.m */ = {isa = PBXFileReference; fileEncoding = 4; lastKnownFileType = sourcecode.c.objc; path = HexStr.m; sourceTree = "<group>"; };
/* End PBXFileReference section */

/* Begin PBXFrameworksBuildPhase section */
		C72B0B861D73B2690065A9A0 /* Frameworks */ = {
			isa = PBXFrameworksBuildPhase;
			buildActionMask = 2147483647;
			files = (
				412E2AC861CE5FB7F150CE96 /* libPods-MyDemoObjc.a in Frameworks */,
			);
			runOnlyForDeploymentPostprocessing = 0;
		};
/* End PBXFrameworksBuildPhase section */

/* Begin PBXGroup section */
		169BC3FE484A1A18C71BC4AA /* Pods */ = {
			isa = PBXGroup;
			children = (
				1773D9B8C87424EDB38AA8BF /* Pods-MyDemoObjc.debug.xcconfig */,
				7E138380111615D2E362036F /* Pods-MyDemoObjc.release.xcconfig */,
			);
			name = Pods;
			sourceTree = "<group>";
		};
		6CED4220E9512226A30B2E31 /* Frameworks */ = {
			isa = PBXGroup;
			children = (
				5C054230C3640CA1CCDA1CED /* libPods-MyDemoObjc.a */,
			);
			name = Frameworks;
			sourceTree = "<group>";
		};
		C7104A521D74656E00B80BF6 /* IPAddress */ = {
			isa = PBXGroup;
			children = (
				C7104A531D74656E00B80BF6 /* IPAddress.h */,
				C7104A541D74656E00B80BF6 /* IPAddress.m */,
			);
			path = IPAddress;
			sourceTree = "<group>";
		};
		C72B0B801D73B2690065A9A0 = {
			isa = PBXGroup;
			children = (
				C72B0BA61D73BF730065A9A0 /* utility */,
				C72B0B8B1D73B2690065A9A0 /* MyDemoObjc */,
				C72B0B8A1D73B2690065A9A0 /* Products */,
				169BC3FE484A1A18C71BC4AA /* Pods */,
				6CED4220E9512226A30B2E31 /* Frameworks */,
			);
			sourceTree = "<group>";
		};
		C72B0B8A1D73B2690065A9A0 /* Products */ = {
			isa = PBXGroup;
			children = (
				C72B0B891D73B2690065A9A0 /* MyDemoObjc.app */,
			);
			name = Products;
			sourceTree = "<group>";
		};
		C72B0B8B1D73B2690065A9A0 /* MyDemoObjc */ = {
			isa = PBXGroup;
			children = (
				C72B0B8F1D73B2690065A9A0 /* AppDelegate.h */,
				C72B0B901D73B2690065A9A0 /* AppDelegate.m */,
				C72B0B921D73B2690065A9A0 /* ViewController.h */,
				C72B0B931D73B2690065A9A0 /* ViewController.m */,
				C72B0B951D73B2690065A9A0 /* Main.storyboard */,
				C72B0B9B1D73B2690065A9A0 /* Assets.xcassets */,
				C72B0B9D1D73B2690065A9A0 /* LaunchScreen.storyboard */,
				C72B0BA01D73B2690065A9A0 /* Info.plist */,
				C72B0B981D73B2690065A9A0 /* MyDemoObjc.xcdatamodeld */,
				C7745EEF1D79017D00ED861B /* CoreDataModal */,
				C72B0B8C1D73B2690065A9A0 /* Supporting Files */,
			);
			path = MyDemoObjc;
			sourceTree = "<group>";
		};
		C72B0B8C1D73B2690065A9A0 /* Supporting Files */ = {
			isa = PBXGroup;
			children = (
				C72B0B8D1D73B2690065A9A0 /* main.m */,
			);
			name = "Supporting Files";
			sourceTree = "<group>";
		};
		C72B0BA61D73BF730065A9A0 /* utility */ = {
			isa = PBXGroup;
			children = (
				C7745EFC1D7901D600ED861B /* CoreDataDBHelper */,
				C7F8DA331D75B2FB0051ECF3 /* HexStr */,
				C7104A521D74656E00B80BF6 /* IPAddress */,
				C72B0BA71D73BF820065A9A0 /* DH */,
			);
			path = utility;
			sourceTree = "<group>";
		};
		C72B0BA71D73BF820065A9A0 /* DH */ = {
			isa = PBXGroup;
			children = (
				C72B0BA81D73BF820065A9A0 /* dh.h */,
				C72B0BA91D73BF820065A9A0 /* DHManager.h */,
				C72B0BAA1D73BF820065A9A0 /* DHManager.mm */,
				C72B0BAB1D73BF820065A9A0 /* dllmain.cpp */,
			);
			path = DH;
			sourceTree = "<group>";
		};
		C7745EEF1D79017D00ED861B /* CoreDataModal */ = {
			isa = PBXGroup;
			children = (
				C7745EF01D79018E00ED861B /* Dept+CoreDataProperties.h */,
				C7745EF11D79018E00ED861B /* Dept+CoreDataProperties.m */,
				C7745EF21D79018E00ED861B /* Dept.h */,
				C7745EF31D79018E00ED861B /* Dept.m */,
				C7745EF41D79018E00ED861B /* Person+CoreDataProperties.h */,
				C7745EF51D79018E00ED861B /* Person+CoreDataProperties.m */,
				C7745EF61D79018E00ED861B /* Person.h */,
				C7745EF71D79018E00ED861B /* Person.m */,
			);
			path = CoreDataModal;
			sourceTree = "<group>";
		};
		C7745EFC1D7901D600ED861B /* CoreDataDBHelper */ = {
			isa = PBXGroup;
			children = (
				C7745EFD1D7901EA00ED861B /* CoreDataDBHelper.h */,
				C7745EFE1D7901EA00ED861B /* CoreDataDBHelper.m */,
			);
			path = CoreDataDBHelper;
			sourceTree = "<group>";
		};
		C7F8DA331D75B2FB0051ECF3 /* HexStr */ = {
			isa = PBXGroup;
			children = (
				C7F8DA341D75B30D0051ECF3 /* HexStr.h */,
				C7F8DA351D75B30D0051ECF3 /* HexStr.m */,
			);
			path = HexStr;
			sourceTree = "<group>";
		};
/* End PBXGroup section */

/* Begin PBXNativeTarget section */
		C72B0B881D73B2690065A9A0 /* MyDemoObjc */ = {
			isa = PBXNativeTarget;
			buildConfigurationList = C72B0BA31D73B2690065A9A0 /* Build configuration list for PBXNativeTarget "MyDemoObjc" */;
			buildPhases = (
				1A53120781C4E8007D3E0459 /* [CP] Check Pods Manifest.lock */,
				C72B0B851D73B2690065A9A0 /* Sources */,
				C72B0B861D73B2690065A9A0 /* Frameworks */,
				C72B0B871D73B2690065A9A0 /* Resources */,
				057010D3A782DD679DC0F3D9 /* [CP] Embed Pods Frameworks */,
				560DF74C030EE2BEE9771715 /* [CP] Copy Pods Resources */,
			);
			buildRules = (
			);
			dependencies = (
			);
			name = MyDemoObjc;
			productName = MyDemoObjc;
			productReference = C72B0B891D73B2690065A9A0 /* MyDemoObjc.app */;
			productType = "com.apple.product-type.application";
		};
/* End PBXNativeTarget section */

/* Begin PBXProject section */
		C72B0B811D73B2690065A9A0 /* Project object */ = {
			isa = PBXProject;
			attributes = {
				LastUpgradeCheck = 0730;
				ORGANIZATIONNAME = zdksii;
				TargetAttributes = {
					C72B0B881D73B2690065A9A0 = {
						CreatedOnToolsVersion = 7.3.1;
					};
				};
			};
			buildConfigurationList = C72B0B841D73B2690065A9A0 /* Build configuration list for PBXProject "MyDemoObjc" */;
			compatibilityVersion = "Xcode 3.2";
			developmentRegion = English;
			hasScannedForEncodings = 0;
			knownRegions = (
				en,
				Base,
			);
			mainGroup = C72B0B801D73B2690065A9A0;
			productRefGroup = C72B0B8A1D73B2690065A9A0 /* Products */;
			projectDirPath = "";
			projectRoot = "";
			targets = (
				C72B0B881D73B2690065A9A0 /* MyDemoObjc */,
			);
		};
/* End PBXProject section */

/* Begin PBXResourcesBuildPhase section */
		C72B0B871D73B2690065A9A0 /* Resources */ = {
			isa = PBXResourcesBuildPhase;
			buildActionMask = 2147483647;
			files = (
				C72B0B9F1D73B2690065A9A0 /* LaunchScreen.storyboard in Resources */,
				C72B0B9C1D73B2690065A9A0 /* Assets.xcassets in Resources */,
				C72B0B971D73B2690065A9A0 /* Main.storyboard in Resources */,
			);
			runOnlyForDeploymentPostprocessing = 0;
		};
/* End PBXResourcesBuildPhase section */

/* Begin PBXShellScriptBuildPhase section */
		057010D3A782DD679DC0F3D9 /* [CP] Embed Pods Frameworks */ = {
			isa = PBXShellScriptBuildPhase;
			buildActionMask = 2147483647;
			files = (
			);
			inputPaths = (
			);
			name = "[CP] Embed Pods Frameworks";
			outputPaths = (
			);
			runOnlyForDeploymentPostprocessing = 0;
			shellPath = /bin/sh;
			shellScript = "\"${SRCROOT}/Pods/Target Support Files/Pods-MyDemoObjc/Pods-MyDemoObjc-frameworks.sh\"\n";
			showEnvVarsInLog = 0;
		};
		1A53120781C4E8007D3E0459 /* [CP] Check Pods Manifest.lock */ = {
			isa = PBXShellScriptBuildPhase;
			buildActionMask = 2147483647;
			files = (
			);
			inputPaths = (
			);
			name = "[CP] Check Pods Manifest.lock";
			outputPaths = (
			);
			runOnlyForDeploymentPostprocessing = 0;
			shellPath = /bin/sh;
			shellScript = "diff \"${PODS_ROOT}/../Podfile.lock\" \"${PODS_ROOT}/Manifest.lock\" > /dev/null\nif [[ $? != 0 ]] ; then\n    cat << EOM\nerror: The sandbox is not in sync with the Podfile.lock. Run 'pod install' or update your CocoaPods installation.\nEOM\n    exit 1\nfi\n";
			showEnvVarsInLog = 0;
		};
		560DF74C030EE2BEE9771715 /* [CP] Copy Pods Resources */ = {
			isa = PBXShellScriptBuildPhase;
			buildActionMask = 2147483647;
			files = (
			);
			inputPaths = (
			);
			name = "[CP] Copy Pods Resources";
			outputPaths = (
			);
			runOnlyForDeploymentPostprocessing = 0;
			shellPath = /bin/sh;
			shellScript = "\"${SRCROOT}/Pods/Target Support Files/Pods-MyDemoObjc/Pods-MyDemoObjc-resources.sh\"\n";
			showEnvVarsInLog = 0;
		};
/* End PBXShellScriptBuildPhase section */

/* Begin PBXSourcesBuildPhase section */
		C72B0B851D73B2690065A9A0 /* Sources */ = {
			isa = PBXSourcesBuildPhase;
			buildActionMask = 2147483647;
			files = (
				C7745EF91D79018E00ED861B /* Dept.m in Sources */,
				C72B0B9A1D73B2690065A9A0 /* MyDemoObjc.xcdatamodeld in Sources */,
				C7F8DA361D75B30D0051ECF3 /* HexStr.m in Sources */,
				C7745EF81D79018E00ED861B /* Dept+CoreDataProperties.m in Sources */,
				C72B0BAC1D73BF820065A9A0 /* DHManager.mm in Sources */,
				C7745EFA1D79018E00ED861B /* Person+CoreDataProperties.m in Sources */,
				C7745EFB1D79018E00ED861B /* Person.m in Sources */,
				C72B0B941D73B2690065A9A0 /* ViewController.m in Sources */,
				C7104A551D74656E00B80BF6 /* IPAddress.m in Sources */,
				C7745EFF1D7901EA00ED861B /* CoreDataDBHelper.m in Sources */,
				C72B0B911D73B2690065A9A0 /* AppDelegate.m in Sources */,
				C72B0B8E1D73B2690065A9A0 /* main.m in Sources */,
				C72B0BAD1D73BF820065A9A0 /* dllmain.cpp in Sources */,
			);
			runOnlyForDeploymentPostprocessing = 0;
		};
/* End PBXSourcesBuildPhase section */

/* Begin PBXVariantGroup section */
		C72B0B951D73B2690065A9A0 /* Main.storyboard */ = {
			isa = PBXVariantGroup;
			children = (
				C72B0B961D73B2690065A9A0 /* Base */,
			);
			name = Main.storyboard;
			sourceTree = "<group>";
		};
		C72B0B9D1D73B2690065A9A0 /* LaunchScreen.storyboard */ = {
			isa = PBXVariantGroup;
			children = (
				C72B0B9E1D73B2690065A9A0 /* Base */,
			);
			name = LaunchScreen.storyboard;
			sourceTree = "<group>";
		};
/* End PBXVariantGroup section */

/* Begin XCBuildConfiguration section */
		C72B0BA11D73B2690065A9A0 /* Debug */ = {
			isa = XCBuildConfiguration;
			buildSettings = {
				ALWAYS_SEARCH_USER_PATHS = NO;
				CLANG_ANALYZER_NONNULL = YES;
				CLANG_CXX_LANGUAGE_STANDARD = "gnu++0x";
				CLANG_CXX_LIBRARY = "libc++";
				CLANG_ENABLE_MODULES = YES;
				CLANG_ENABLE_OBJC_ARC = YES;
				CLANG_WARN_BOOL_CONVERSION = YES;
				CLANG_WARN_CONSTANT_CONVERSION = YES;
				CLANG_WARN_DIRECT_OBJC_ISA_USAGE = YES_ERROR;
				CLANG_WARN_EMPTY_BODY = YES;
				CLANG_WARN_ENUM_CONVERSION = YES;
				CLANG_WARN_INT_CONVERSION = YES;
				CLANG_WARN_OBJC_ROOT_CLASS = YES_ERROR;
				CLANG_WARN_UNREACHABLE_CODE = YES;
				CLANG_WARN__DUPLICATE_METHOD_MATCH = YES;
				"CODE_SIGN_IDENTITY[sdk=iphoneos*]" = "iPhone Developer";
				COPY_PHASE_STRIP = NO;
				DEBUG_INFORMATION_FORMAT = dwarf;
				ENABLE_STRICT_OBJC_MSGSEND = YES;
				ENABLE_TESTABILITY = YES;
				GCC_C_LANGUAGE_STANDARD = gnu99;
				GCC_DYNAMIC_NO_PIC = NO;
				GCC_NO_COMMON_BLOCKS = YES;
				GCC_OPTIMIZATION_LEVEL = 0;
				GCC_PREPROCESSOR_DEFINITIONS = (
					"DEBUG=1",
					"$(inherited)",
				);
				GCC_WARN_64_TO_32_BIT_CONVERSION = YES;
				GCC_WARN_ABOUT_RETURN_TYPE = YES_ERROR;
				GCC_WARN_UNDECLARED_SELECTOR = YES;
				GCC_WARN_UNINITIALIZED_AUTOS = YES_AGGRESSIVE;
				GCC_WARN_UNUSED_FUNCTION = YES;
				GCC_WARN_UNUSED_VARIABLE = YES;
				IPHONEOS_DEPLOYMENT_TARGET = 9.3;
				MTL_ENABLE_DEBUG_INFO = YES;
				ONLY_ACTIVE_ARCH = YES;
				SDKROOT = iphoneos;
				TARGETED_DEVICE_FAMILY = "1,2";
			};
			name = Debug;
		};
		C72B0BA21D73B2690065A9A0 /* Release */ = {
			isa = XCBuildConfiguration;
			buildSettings = {
				ALWAYS_SEARCH_USER_PATHS = NO;
				CLANG_ANALYZER_NONNULL = YES;
				CLANG_CXX_LANGUAGE_STANDARD = "gnu++0x";
				CLANG_CXX_LIBRARY = "libc++";
				CLANG_ENABLE_MODULES = YES;
				CLANG_ENABLE_OBJC_ARC = YES;
				CLANG_WARN_BOOL_CONVERSION = YES;
				CLANG_WARN_CONSTANT_CONVERSION = YES;
				CLANG_WARN_DIRECT_OBJC_ISA_USAGE = YES_ERROR;
				CLANG_WARN_EMPTY_BODY = YES;
				CLANG_WARN_ENUM_CONVERSION = YES;
				CLANG_WARN_INT_CONVERSION = YES;
				CLANG_WARN_OBJC_ROOT_CLASS = YES_ERROR;
				CLANG_WARN_UNREACHABLE_CODE = YES;
				CLANG_WARN__DUPLICATE_METHOD_MATCH = YES;
				"CODE_SIGN_IDENTITY[sdk=iphoneos*]" = "iPhone Developer";
				COPY_PHASE_STRIP = NO;
				DEBUG_INFORMATION_FORMAT = "dwarf-with-dsym";
				ENABLE_NS_ASSERTIONS = NO;
				ENABLE_STRICT_OBJC_MSGSEND = YES;
				GCC_C_LANGUAGE_STANDARD = gnu99;
				GCC_NO_COMMON_BLOCKS = YES;
				GCC_WARN_64_TO_32_BIT_CONVERSION = YES;
				GCC_WARN_ABOUT_RETURN_TYPE = YES_ERROR;
				GCC_WARN_UNDECLARED_SELECTOR = YES;
				GCC_WARN_UNINITIALIZED_AUTOS = YES_AGGRESSIVE;
				GCC_WARN_UNUSED_FUNCTION = YES;
				GCC_WARN_UNUSED_VARIABLE = YES;
				IPHONEOS_DEPLOYMENT_TARGET = 9.3;
				MTL_ENABLE_DEBUG_INFO = NO;
				SDKROOT = iphoneos;
				TARGETED_DEVICE_FAMILY = "1,2";
				VALIDATE_PRODUCT = YES;
			};
			name = Release;
		};
		C72B0BA41D73B2690065A9A0 /* Debug */ = {
			isa = XCBuildConfiguration;
			baseConfigurationReference = 1773D9B8C87424EDB38AA8BF /* Pods-MyDemoObjc.debug.xcconfig */;
			buildSettings = {
				ASSETCATALOG_COMPILER_APPICON_NAME = AppIcon;
				INFOPLIST_FILE = MyDemoObjc/Info.plist;
				LD_RUNPATH_SEARCH_PATHS = "$(inherited) @executable_path/Frameworks";
				PRODUCT_BUNDLE_IDENTIFIER = com.zdksii.MyDemoObjc;
				PRODUCT_NAME = "$(TARGET_NAME)";
			};
			name = Debug;
		};
		C72B0BA51D73B2690065A9A0 /* Release */ = {
			isa = XCBuildConfiguration;
			baseConfigurationReference = 7E138380111615D2E362036F /* Pods-MyDemoObjc.release.xcconfig */;
			buildSettings = {
				ASSETCATALOG_COMPILER_APPICON_NAME = AppIcon;
				INFOPLIST_FILE = MyDemoObjc/Info.plist;
				LD_RUNPATH_SEARCH_PATHS = "$(inherited) @executable_path/Frameworks";
				PRODUCT_BUNDLE_IDENTIFIER = com.zdksii.MyDemoObjc;
				PRODUCT_NAME = "$(TARGET_NAME)";
			};
			name = Release;
		};
/* End XCBuildConfiguration section */

/* Begin XCConfigurationList section */
		C72B0B841D73B2690065A9A0 /* Build configuration list for PBXProject "MyDemoObjc" */ = {
			isa = XCConfigurationList;
			buildConfigurations = (
				C72B0BA11D73B2690065A9A0 /* Debug */,
				C72B0BA21D73B2690065A9A0 /* Release */,
			);
			defaultConfigurationIsVisible = 0;
			defaultConfigurationName = Release;
		};
		C72B0BA31D73B2690065A9A0 /* Build configuration list for PBXNativeTarget "MyDemoObjc" */ = {
			isa = XCConfigurationList;
			buildConfigurations = (
				C72B0BA41D73B2690065A9A0 /* Debug */,
				C72B0BA51D73B2690065A9A0 /* Release */,
			);
			defaultConfigurationIsVisible = 0;
			defaultConfigurationName = Release;
		};
/* End XCConfigurationList section */

/* Begin XCVersionGroup section */
		C72B0B981D73B2690065A9A0 /* MyDemoObjc.xcdatamodeld */ = {
			isa = XCVersionGroup;
			children = (
				C72B0B991D73B2690065A9A0 /* MyDemoObjc.xcdatamodel */,
			);
			currentVersion = C72B0B991D73B2690065A9A0 /* MyDemoObjc.xcdatamodel */;
			path = MyDemoObjc.xcdatamodeld;
			sourceTree = "<group>";
			versionGroupType = wrapper.xcdatamodel;
		};
/* End XCVersionGroup section */
	};
	rootObject = C72B0B811D73B2690065A9A0 /* Project object */;
}
